
Microsoft Visual Studio Solution File, Format Version 12.00
# Visual Studio Version 17
VisualStudioVersion = 17.5.33516.290
MinimumVisualStudioVersion = 10.0.40219.1
Project("{FAE04EC0-301F-11D3-BF4B-00C04F79EFBC}") = "GerenciadorDeLivros", "GerenciadorDeLivros\GerenciadorDeLivros.csproj", "{B80EC63A-4516-4F37-BDF3-D445C4ED3F90}"
EndProject
Global
	GlobalSection(SolutionConfigurationPlatforms) = preSolution
		Debug|Any CPU = Debug|Any CPU
		Release|Any CPU = Release|Any CPU
	EndGlobalSection
	GlobalSection(ProjectConfigurationPlatforms) = postSolution
		{B80EC63A-4516-4F37-BDF3-D445C4ED3F90}.Debug|Any CPU.ActiveCfg = Debug|Any CPU
		{B80EC63A-4516-4F37-BDF3-D445C4ED3F90}.Debug|Any CPU.Build.0 = Debug|Any CPU
		{B80EC63A-4516-4F37-BDF3-D445C4ED3F90}.Release|Any CPU.ActiveCfg = Release|Any CPU
		{B80EC63A-4516-4F37-BDF3-D445C4ED3F90}.Release|Any CPU.Build.0 = Release|Any CPU
	EndGlobalSection
	GlobalSection(SolutionProperties) = preSolution
		HideSolutionNode = FALSE
	EndGlobalSection
	GlobalSection(ExtensibilityGlobals) = postSolution
		SolutionGuid = {307C43D6-FC9E-4446-A282-8FAD78422447}
	EndGlobalSection
EndGlobal
